
Microsoft Visual Studio Solution File, Format Version 12.00
# Visual Studio Version 17
VisualStudioVersion = 17.0.32112.339
MinimumVisualStudioVersion = 10.0.40219.1
Project("{FAE04EC0-301F-11D3-BF4B-00C04F79EFBC}") = "Photos.UI", "Photos\Photos.UI.csproj", "{DAA91C3C-4957-4F8C-AE59-F3BCB88BCDC2}"
EndProject
Project("{FAE04EC0-301F-11D3-BF4B-00C04F79EFBC}") = "Photos.Core", "Photos.Core\Photos.Core.csproj", "{153D253D-3C8A-44EE-A812-9AA1745790BD}"
EndProject
Project("{FAE04EC0-301F-11D3-BF4B-00C04F79EFBC}") = "Photos.Models", "Photos.Models\Photos.Models.csproj", "{C3C57F99-D1E0-4C87-A726-D7BF193327F6}"
EndProject
Global
	GlobalSection(SolutionConfigurationPlatforms) = preSolution
		Debug|Any CPU = Debug|Any CPU
		Release|Any CPU = Release|Any CPU
	EndGlobalSection
	GlobalSection(ProjectConfigurationPlatforms) = postSolution
		{DAA91C3C-4957-4F8C-AE59-F3BCB88BCDC2}.Debug|Any CPU.ActiveCfg = Debug|Any CPU
		{DAA91C3C-4957-4F8C-AE59-F3BCB88BCDC2}.Debug|Any CPU.Build.0 = Debug|Any CPU
		{DAA91C3C-4957-4F8C-AE59-F3BCB88BCDC2}.Release|Any CPU.ActiveCfg = Release|Any CPU
		{DAA91C3C-4957-4F8C-AE59-F3BCB88BCDC2}.Release|Any CPU.Build.0 = Release|Any CPU
		{153D253D-3C8A-44EE-A812-9AA1745790BD}.Debug|Any CPU.ActiveCfg = Debug|Any CPU
		{153D253D-3C8A-44EE-A812-9AA1745790BD}.Debug|Any CPU.Build.0 = Debug|Any CPU
		{153D253D-3C8A-44EE-A812-9AA1745790BD}.Release|Any CPU.ActiveCfg = Release|Any CPU
		{153D253D-3C8A-44EE-A812-9AA1745790BD}.Release|Any CPU.Build.0 = Release|Any CPU
		{C3C57F99-D1E0-4C87-A726-D7BF193327F6}.Debug|Any CPU.ActiveCfg = Debug|Any CPU
		{C3C57F99-D1E0-4C87-A726-D7BF193327F6}.Debug|Any CPU.Build.0 = Debug|Any CPU
		{C3C57F99-D1E0-4C87-A726-D7BF193327F6}.Release|Any CPU.ActiveCfg = Release|Any CPU
		{C3C57F99-D1E0-4C87-A726-D7BF193327F6}.Release|Any CPU.Build.0 = Release|Any CPU
	EndGlobalSection
	GlobalSection(SolutionProperties) = preSolution
		HideSolutionNode = FALSE
	EndGlobalSection
	GlobalSection(ExtensibilityGlobals) = postSolution
		SolutionGuid = {34CBAC75-F50E-4ED4-9248-6151784A3A81}
	EndGlobalSection
EndGlobal
